
Microsoft Visual Studio Solution File, Format Version 12.00
# Visual Studio Version 16
VisualStudioVersion = 16.0.30204.135
MinimumVisualStudioVersion = 10.0.40219.1
Project("{FAE04EC0-301F-11D3-BF4B-00C04F79EFBC}") = "批量验证程序V1.0", "批量验证程序V1.0.csproj", "{1C66537A-17CF-4D5A-BD90-5D63CEA8254F}"
EndProject
Global
	GlobalSection(SolutionConfigurationPlatforms) = preSolution
		Debug|Any CPU = Debug|Any CPU
		Release|Any CPU = Release|Any CPU
	EndGlobalSection
	GlobalSection(ProjectConfigurationPlatforms) = postSolution
		{1C66537A-17CF-4D5A-BD90-5D63CEA8254F}.Debug|Any CPU.ActiveCfg = Debug|Any CPU
		{1C66537A-17CF-4D5A-BD90-5D63CEA8254F}.Debug|Any CPU.Build.0 = Debug|Any CPU
		{1C66537A-17CF-4D5A-BD90-5D63CEA8254F}.Release|Any CPU.ActiveCfg = Release|Any CPU
		{1C66537A-17CF-4D5A-BD90-5D63CEA8254F}.Release|Any CPU.Build.0 = Release|Any CPU
	EndGlobalSection
	GlobalSection(SolutionProperties) = preSolution
		HideSolutionNode = FALSE
	EndGlobalSection
	GlobalSection(ExtensibilityGlobals) = postSolution
		SolutionGuid = {965795FD-8E1B-4F1E-8C85-31D2812E3143}
	EndGlobalSection
EndGlobal
